# generated by rye
# use `rye lock` or `rye sync` to update this lockfile
#
# last locked with the following flags:
#   pre: false
#   features: []
#   all-features: false
#   with-sources: false
#   generate-hashes: false
#   universal: false

-e file:.
aiobotocore==2.15.0
    # via s3fs
aiohappyeyeballs==2.4.0
    # via aiohttp
aiohttp==3.10.5
    # via aiobotocore
    # via ipinfo
    # via s3fs
aioitertools==0.12.0
    # via aiobotocore
aiosignal==1.3.1
    # via aiohttp
alabaster==0.7.16
    # via sphinx
alembic==1.8.1
    # via zenml
annotated-types==0.7.0
    # via pydantic
anyio==4.4.0
    # via starlette
    # via watchfiles
asttokens==2.4.1
    # via stack-data
async-timeout==4.0.3
    # via aiohttp
attrs==24.2.0
    # via aiohttp
babel==2.16.0
    # via sphinx
bcrypt==4.0.1
    # via passlib
    # via zenml
botocore==1.35.16
    # via aiobotocore
cachetools==5.5.0
    # via ipinfo
certifi==2024.8.30
    # via requests
cffi==1.17.1
    # via cryptography
    # via pynacl
charset-normalizer==3.3.2
    # via requests
click==8.1.3
    # via uvicorn
    # via zenml
cloudpickle==2.2.1
    # via zenml
comm==0.2.2
    # via ipywidgets
contourpy==1.3.0
    # via matplotlib
cryptography==43.0.1
    # via pyjwt
cycler==0.12.1
    # via matplotlib
decorator==5.1.1
    # via ipython
deprecated==1.2.14
    # via pygithub
distro==1.9.0
    # via zenml
docker==7.1.0
    # via zenml
docutils==0.16
    # via sphinx
    # via sphinx-rtd-theme
exceptiongroup==1.2.2
    # via anyio
    # via ipython
executing==2.1.0
    # via stack-data
fastapi==0.110.0
    # via zenml
fonttools==4.53.1
    # via matplotlib
frozenlist==1.4.1
    # via aiohttp
    # via aiosignal
fsspec==2024.9.0
    # via s3fs
futures==3.0.5
    # via s3
gitdb==4.0.11
    # via gitpython
gitpython==3.1.43
    # via zenml
greenlet==3.1.0
    # via sqlalchemy
h11==0.14.0
    # via uvicorn
httptools==0.6.1
    # via uvicorn
idna==3.10
    # via anyio
    # via requests
    # via yarl
imagesize==1.4.1
    # via sphinx
ipinfo==5.1.1
    # via zenml
ipython==8.27.0
    # via ipywidgets
ipywidgets==8.1.5
    # via rich
jedi==0.19.1
    # via ipython
jinja2==3.1.4
    # via sphinx
    # via zenml
jmespath==1.0.1
    # via botocore
joblib==1.4.2
    # via scikit-learn
jupyterlab-widgets==3.0.13
    # via ipywidgets
kiwisolver==1.4.7
    # via matplotlib
mako==1.3.5
    # via alembic
markdown-it-py==3.0.0
    # via rich
markupsafe==2.1.5
    # via jinja2
    # via mako
matplotlib==3.9.2
    # via zenmlplayground
matplotlib-inline==0.1.7
    # via ipython
mdurl==0.1.2
    # via markdown-it-py
multidict==6.1.0
    # via aiohttp
    # via yarl
numpy==2.1.1
    # via contourpy
    # via matplotlib
    # via pandas
    # via scikit-learn
    # via scipy
orjson==3.10.7
    # via zenml
packaging==24.1
    # via matplotlib
    # via sphinx
    # via zenml
pandas==2.2.2
    # via zenmlplayground
parso==0.8.4
    # via jedi
passlib==1.7.4
    # via zenml
pexpect==4.9.0
    # via ipython
pillow==10.4.0
    # via matplotlib
pip==24.2
    # via zenmlplayground
prompt-toolkit==3.0.47
    # via ipython
psutil==6.0.0
    # via zenml
ptyprocess==0.7.0
    # via pexpect
pure-eval==0.2.3
    # via stack-data
pycparser==2.22
    # via cffi
pydantic==2.8.2
    # via fastapi
    # via pydantic-settings
    # via sqlmodel
    # via zenml
pydantic-core==2.20.1
    # via pydantic
pydantic-settings==2.5.2
    # via zenml
pygithub==2.4.0
    # via zenmlplayground
pygments==2.18.0
    # via ipython
    # via rich
    # via sphinx
pyjwt==2.7.0
    # via pygithub
    # via zenml
pymysql==1.1.1
    # via zenml
pynacl==1.5.0
    # via pygithub
pyparsing==3.1.4
    # via matplotlib
python-dateutil==2.9.0.post0
    # via botocore
    # via matplotlib
    # via pandas
    # via zenml
python-dotenv==1.0.1
    # via pydantic-settings
    # via uvicorn
python-multipart==0.0.9
    # via zenml
pytz==2024.2
    # via pandas
pyyaml==6.0.2
    # via uvicorn
    # via zenml
requests==2.32.3
    # via docker
    # via ipinfo
    # via pygithub
    # via s3
    # via sphinx
rich==13.8.1
    # via zenml
s3==3.0.0
    # via zenmlplayground
s3fs==2024.9.0
    # via zenmlplayground
scikit-learn==1.5.2
    # via zenmlplayground
scipy==1.14.1
    # via scikit-learn
secure==0.3.0
    # via zenml
setuptools==75.0.0
    # via zenml
    # via zenmlplayground
six==1.16.0
    # via asttokens
    # via python-dateutil
smmap==5.0.1
    # via gitdb
sniffio==1.3.1
    # via anyio
snowballstemmer==2.2.0
    # via sphinx
sphinx==5.3.0
    # via sphinx-rtd-theme
sphinx-rtd-theme==0.5.2
    # via s3
sphinxcontrib-applehelp==2.0.0
    # via sphinx
sphinxcontrib-devhelp==2.0.0
    # via sphinx
sphinxcontrib-htmlhelp==2.1.0
    # via sphinx
sphinxcontrib-jsmath==1.0.1
    # via sphinx
sphinxcontrib-qthelp==2.0.0
    # via sphinx
sphinxcontrib-serializinghtml==2.0.0
    # via sphinx
sqlalchemy==2.0.34
    # via alembic
    # via sqlalchemy-utils
    # via sqlmodel
    # via zenml
sqlalchemy-utils==0.41.2
    # via zenml
sqlmodel==0.0.18
    # via zenml
stack-data==0.6.3
    # via ipython
starlette==0.36.3
    # via fastapi
threadpoolctl==3.5.0
    # via scikit-learn
traitlets==5.14.3
    # via comm
    # via ipython
    # via ipywidgets
    # via matplotlib-inline
typing-extensions==4.12.2
    # via anyio
    # via fastapi
    # via ipython
    # via multidict
    # via pydantic
    # via pydantic-core
    # via pygithub
    # via sqlalchemy
    # via uvicorn
tzdata==2024.1
    # via pandas
urllib3==2.2.3
    # via botocore
    # via docker
    # via pygithub
    # via requests
uvicorn==0.30.6
    # via zenml
uvloop==0.20.0
    # via uvicorn
watchfiles==0.24.0
    # via uvicorn
wcwidth==0.2.13
    # via prompt-toolkit
websockets==13.0.1
    # via uvicorn
widgetsnbextension==4.0.13
    # via ipywidgets
wrapt==1.16.0
    # via aiobotocore
    # via deprecated
xmltodict==0.13.0
    # via s3
yarl==1.11.1
    # via aiohttp
zenml==0.66.0
    # via zenmlplayground
